
Microsoft Visual Studio Solution File, Format Version 12.00
# Visual Studio Version 17
VisualStudioVersion = 17.0.31912.275
MinimumVisualStudioVersion = 10.0.40219.1
Project("{FAE04EC0-301F-11D3-BF4B-00C04F79EFBC}") = "DictonaryExercise", "DictonaryExercise\DictonaryExercise.csproj", "{1771F676-11BA-4A1C-B0BB-2C11F52906FB}"
EndProject
Global
	GlobalSection(SolutionConfigurationPlatforms) = preSolution
		Debug|Any CPU = Debug|Any CPU
		Release|Any CPU = Release|Any CPU
	EndGlobalSection
	GlobalSection(ProjectConfigurationPlatforms) = postSolution
		{1771F676-11BA-4A1C-B0BB-2C11F52906FB}.Debug|Any CPU.ActiveCfg = Debug|Any CPU
		{1771F676-11BA-4A1C-B0BB-2C11F52906FB}.Debug|Any CPU.Build.0 = Debug|Any CPU
		{1771F676-11BA-4A1C-B0BB-2C11F52906FB}.Release|Any CPU.ActiveCfg = Release|Any CPU
		{1771F676-11BA-4A1C-B0BB-2C11F52906FB}.Release|Any CPU.Build.0 = Release|Any CPU
	EndGlobalSection
	GlobalSection(SolutionProperties) = preSolution
		HideSolutionNode = FALSE
	EndGlobalSection
	GlobalSection(ExtensibilityGlobals) = postSolution
		SolutionGuid = {2D444FB8-C870-4682-B5C7-7C6A32441BE1}
	EndGlobalSection
EndGlobal
